
Microsoft Visual Studio Solution File, Format Version 12.00
# Visual Studio Version 16
VisualStudioVersion = 16.0.31410.357
MinimumVisualStudioVersion = 10.0.40219.1
Project("{FAE04EC0-301F-11D3-BF4B-00C04F79EFBC}") = "PDFsharp_MigraDoc.WpfApp", "PDFsharp_MigraDoc.WpfApp\PDFsharp_MigraDoc.WpfApp.csproj", "{3F7FC5F3-6499-4860-BFE9-5854BD528EE1}"
EndProject
Project("{2150E333-8FDC-42A3-9474-1A3956D46DE8}") = "Solution Items", "Solution Items", "{51F1CADE-06F1-45CE-876E-7FC18E010686}"
	ProjectSection(SolutionItems) = preProject
		.editorconfig = .editorconfig
	EndProjectSection
EndProject
Project("{FAE04EC0-301F-11D3-BF4B-00C04F79EFBC}") = "PDFsharp_MigraDoc.DataAccess", "PDFsharp_MigraDoc.DataAccess\PDFsharp_MigraDoc.DataAccess.csproj", "{5AF9E968-A51D-4343-8670-C11C745CF2DC}"
EndProject
Project("{FAE04EC0-301F-11D3-BF4B-00C04F79EFBC}") = "PDFsharp_MigraDoc.Exporter", "PDFsharp_MigraDoc.Exporter\PDFsharp_MigraDoc.Exporter.csproj", "{11548A94-1FFD-4125-B9F0-C2578874AF9F}"
EndProject
Project("{FAE04EC0-301F-11D3-BF4B-00C04F79EFBC}") = "PDFsharp_MigraDoc.Models", "PDFsharp_MigraDoc.Models\PDFsharp_MigraDoc.Models.csproj", "{1F727E6F-D85C-4F8A-8E4F-B9337D9181E8}"
EndProject
Project("{FAE04EC0-301F-11D3-BF4B-00C04F79EFBC}") = "PDFsharp_MigraDoc.ViewModels", "PDFsharp_MigraDoc.ViewModels\PDFsharp_MigraDoc.ViewModels.csproj", "{3AB3E320-9D40-490D-8324-6664AF20AA9F}"
EndProject
Project("{FAE04EC0-301F-11D3-BF4B-00C04F79EFBC}") = "PDFsharp_MigraDoc.Exporter.Word", "PDFsharp_MigraDoc.Exporter.Word\PDFsharp_MigraDoc.Exporter.Word.csproj", "{1B5ECE19-7DFE-4ED7-BB6F-49CB8D05962D}"
EndProject
Project("{FAE04EC0-301F-11D3-BF4B-00C04F79EFBC}") = "PDFsharp_MigraDoc.Exporter.PDFsharp_MigraDoc", "PDFsharp_MigraDoc.Exporter.PDFsharp_MigraDoc\PDFsharp_MigraDoc.Exporter.PDFsharp_MigraDoc.csproj", "{55377EC9-C3E0-44F3-A481-AF207006C503}"
EndProject
Project("{FAE04EC0-301F-11D3-BF4B-00C04F79EFBC}") = "PDFsharp_MigraDoc.Exporter.Xml", "PDFsharp_MigraDoc.Exporter.Xml\PDFsharp_MigraDoc.Exporter.Xml.csproj", "{A07BFF7A-9C61-4D14-A667-04950A738EEA}"
EndProject
Global
	GlobalSection(SolutionConfigurationPlatforms) = preSolution
		Debug|Any CPU = Debug|Any CPU
		Release|Any CPU = Release|Any CPU
	EndGlobalSection
	GlobalSection(ProjectConfigurationPlatforms) = postSolution
		{3F7FC5F3-6499-4860-BFE9-5854BD528EE1}.Debug|Any CPU.ActiveCfg = Debug|Any CPU
		{3F7FC5F3-6499-4860-BFE9-5854BD528EE1}.Debug|Any CPU.Build.0 = Debug|Any CPU
		{3F7FC5F3-6499-4860-BFE9-5854BD528EE1}.Release|Any CPU.ActiveCfg = Release|Any CPU
		{3F7FC5F3-6499-4860-BFE9-5854BD528EE1}.Release|Any CPU.Build.0 = Release|Any CPU
		{5AF9E968-A51D-4343-8670-C11C745CF2DC}.Debug|Any CPU.ActiveCfg = Debug|Any CPU
		{5AF9E968-A51D-4343-8670-C11C745CF2DC}.Debug|Any CPU.Build.0 = Debug|Any CPU
		{5AF9E968-A51D-4343-8670-C11C745CF2DC}.Release|Any CPU.ActiveCfg = Release|Any CPU
		{5AF9E968-A51D-4343-8670-C11C745CF2DC}.Release|Any CPU.Build.0 = Release|Any CPU
		{11548A94-1FFD-4125-B9F0-C2578874AF9F}.Debug|Any CPU.ActiveCfg = Debug|Any CPU
		{11548A94-1FFD-4125-B9F0-C2578874AF9F}.Debug|Any CPU.Build.0 = Debug|Any CPU
		{11548A94-1FFD-4125-B9F0-C2578874AF9F}.Release|Any CPU.ActiveCfg = Release|Any CPU
		{11548A94-1FFD-4125-B9F0-C2578874AF9F}.Release|Any CPU.Build.0 = Release|Any CPU
		{1F727E6F-D85C-4F8A-8E4F-B9337D9181E8}.Debug|Any CPU.ActiveCfg = Debug|Any CPU
		{1F727E6F-D85C-4F8A-8E4F-B9337D9181E8}.Debug|Any CPU.Build.0 = Debug|Any CPU
		{1F727E6F-D85C-4F8A-8E4F-B9337D9181E8}.Release|Any CPU.ActiveCfg = Release|Any CPU
		{1F727E6F-D85C-4F8A-8E4F-B9337D9181E8}.Release|Any CPU.Build.0 = Release|Any CPU
		{3AB3E320-9D40-490D-8324-6664AF20AA9F}.Debug|Any CPU.ActiveCfg = Debug|Any CPU
		{3AB3E320-9D40-490D-8324-6664AF20AA9F}.Debug|Any CPU.Build.0 = Debug|Any CPU
		{3AB3E320-9D40-490D-8324-6664AF20AA9F}.Release|Any CPU.ActiveCfg = Release|Any CPU
		{3AB3E320-9D40-490D-8324-6664AF20AA9F}.Release|Any CPU.Build.0 = Release|Any CPU
		{1B5ECE19-7DFE-4ED7-BB6F-49CB8D05962D}.Debug|Any CPU.ActiveCfg = Debug|Any CPU
		{1B5ECE19-7DFE-4ED7-BB6F-49CB8D05962D}.Debug|Any CPU.Build.0 = Debug|Any CPU
		{1B5ECE19-7DFE-4ED7-BB6F-49CB8D05962D}.Release|Any CPU.ActiveCfg = Release|Any CPU
		{1B5ECE19-7DFE-4ED7-BB6F-49CB8D05962D}.Release|Any CPU.Build.0 = Release|Any CPU
		{55377EC9-C3E0-44F3-A481-AF207006C503}.Debug|Any CPU.ActiveCfg = Debug|Any CPU
		{55377EC9-C3E0-44F3-A481-AF207006C503}.Debug|Any CPU.Build.0 = Debug|Any CPU
		{55377EC9-C3E0-44F3-A481-AF207006C503}.Release|Any CPU.ActiveCfg = Release|Any CPU
		{55377EC9-C3E0-44F3-A481-AF207006C503}.Release|Any CPU.Build.0 = Release|Any CPU
		{A07BFF7A-9C61-4D14-A667-04950A738EEA}.Debug|Any CPU.ActiveCfg = Debug|Any CPU
		{A07BFF7A-9C61-4D14-A667-04950A738EEA}.Debug|Any CPU.Build.0 = Debug|Any CPU
		{A07BFF7A-9C61-4D14-A667-04950A738EEA}.Release|Any CPU.ActiveCfg = Release|Any CPU
		{A07BFF7A-9C61-4D14-A667-04950A738EEA}.Release|Any CPU.Build.0 = Release|Any CPU
	EndGlobalSection
	GlobalSection(SolutionProperties) = preSolution
		HideSolutionNode = FALSE
	EndGlobalSection
	GlobalSection(ExtensibilityGlobals) = postSolution
		SolutionGuid = {D7F802AC-C8EB-4CB7-B34E-6A8815684789}
	EndGlobalSection
EndGlobal
